
Microsoft Visual Studio Solution File, Format Version 12.00
# Visual Studio Version 17
VisualStudioVersion = 17.0.31903.59
MinimumVisualStudioVersion = 10.0.40219.1
Project("{FAE04EC0-301F-11D3-BF4B-00C04F79EFBC}") = "Common", "Common\Common.csproj", "{D34A18F1-46A4-4972-9130-3B044F1B3151}"
EndProject
Project("{2150E333-8FDC-42A3-9474-1A3956D46DE8}") = "01_IntroductionToMessaging", "01_IntroductionToMessaging", "{CB79DC3E-3EDE-4DAC-A305-74DD7DA31AD2}"
EndProject
Project("{FAE04EC0-301F-11D3-BF4B-00C04F79EFBC}") = "Producer", "01_IntroductionToMessaging\Producer\Producer.csproj", "{7D2D2134-2BD6-4790-BE60-CFA6FD0E8DDA}"
EndProject
Project("{FAE04EC0-301F-11D3-BF4B-00C04F79EFBC}") = "Consumer", "01_IntroductionToMessaging\Consumer\Consumer.csproj", "{A0CBBF25-8B7F-4F13-93A5-4A73E41CE79F}"
EndProject
Project("{2150E333-8FDC-42A3-9474-1A3956D46DE8}") = "02_ConnectionsAndChannels", "02_ConnectionsAndChannels", "{B94DCE0E-EB63-47F5-AB2B-47900741F6D7}"
EndProject
Project("{FAE04EC0-301F-11D3-BF4B-00C04F79EFBC}") = "AboutConnections", "02_ConnectionsAndChannels\AboutConnections\AboutConnections.csproj", "{57DEBB7A-975B-467C-AA53-C4A07EFD3810}"
EndProject
Project("{FAE04EC0-301F-11D3-BF4B-00C04F79EFBC}") = "EventHandlersOfConnections", "02_ConnectionsAndChannels\EventHandlersOfConnections\EventHandlersOfConnections.csproj", "{4B3EDEC0-532B-40E1-934C-22ED749CB618}"
EndProject
Project("{FAE04EC0-301F-11D3-BF4B-00C04F79EFBC}") = "ConnectionLeaks", "02_ConnectionsAndChannels\ConnectionLeaks\ConnectionLeaks.csproj", "{B9D4B286-CCEC-42BC-973F-03764ADD45E9}"
EndProject
Project("{2150E333-8FDC-42A3-9474-1A3956D46DE8}") = "04_ExchangeTypes", "04_ExchangeTypes", "{9B0AD9E5-BCBB-4FF1-BC32-C5048C57776F}"
EndProject
Project("{FAE04EC0-301F-11D3-BF4B-00C04F79EFBC}") = "Direct", "04_ExchangeTypes\Direct\Direct.csproj", "{491D85F3-1370-4D19-ACF0-3671FCFA3A13}"
EndProject
Project("{FAE04EC0-301F-11D3-BF4B-00C04F79EFBC}") = "Fanout", "04_ExchangeTypes\Fanout\Fanout.csproj", "{75063C8B-3870-4816-AD93-A68D81C42DD8}"
EndProject
Project("{FAE04EC0-301F-11D3-BF4B-00C04F79EFBC}") = "Topic", "04_ExchangeTypes\Topic\Topic.csproj", "{31CEC14C-DE67-404A-81FE-D20BB738CAD4}"
EndProject
Project("{2150E333-8FDC-42A3-9474-1A3956D46DE8}") = "03_Messages", "03_Messages", "{7EB918A9-3407-46DC-A7D6-DA60773731CD}"
EndProject
Project("{FAE04EC0-301F-11D3-BF4B-00C04F79EFBC}") = "AckNack", "03_Messages\AckNack\AckNack.csproj", "{25FE2F67-01F7-4605-AB54-5A6158F53FCD}"
EndProject
Project("{FAE04EC0-301F-11D3-BF4B-00C04F79EFBC}") = "MessageLifeCycle", "03_Messages\MessageLifeCycle\MessageLifeCycle.csproj", "{5B934F1B-61B5-4A0C-8605-539CE5AA4D84}"
EndProject
Project("{2150E333-8FDC-42A3-9474-1A3956D46DE8}") = "MessageProperties", "MessageProperties", "{D19307D7-51BA-4450-8A0F-94DCF9205F6F}"
EndProject
Project("{FAE04EC0-301F-11D3-BF4B-00C04F79EFBC}") = "ContentType", "03_Messages\MessageProperties\ContentType\ContentType.csproj", "{13CF02F2-6446-4897-BE5E-9EC997EA2E0F}"
EndProject
Project("{FAE04EC0-301F-11D3-BF4B-00C04F79EFBC}") = "CorrelationId", "03_Messages\MessageProperties\CorrelationId\CorrelationId.csproj", "{B0E48225-A85A-4B3F-B66B-685948B9DF20}"
EndProject
Project("{FAE04EC0-301F-11D3-BF4B-00C04F79EFBC}") = "MessageId", "03_Messages\MessageProperties\MessageId\MessageId.csproj", "{F8CBE0CC-84CF-437D-8D16-166859D12F07}"
EndProject
Project("{FAE04EC0-301F-11D3-BF4B-00C04F79EFBC}") = "Expiration", "03_Messages\MessageProperties\Expiration\Expiration.csproj", "{52E9ECE1-8228-487E-8B41-4A665C303BC2}"
EndProject
Project("{FAE04EC0-301F-11D3-BF4B-00C04F79EFBC}") = "ReplyTo", "03_Messages\MessageProperties\ReplyTo\ReplyTo.csproj", "{5B23C9B0-0E86-4C53-9E5C-F405F4FD2B08}"
EndProject
Global
	GlobalSection(SolutionConfigurationPlatforms) = preSolution
		Debug|Any CPU = Debug|Any CPU
		Release|Any CPU = Release|Any CPU
	EndGlobalSection
	GlobalSection(ProjectConfigurationPlatforms) = postSolution
		{D34A18F1-46A4-4972-9130-3B044F1B3151}.Debug|Any CPU.ActiveCfg = Debug|Any CPU
		{D34A18F1-46A4-4972-9130-3B044F1B3151}.Debug|Any CPU.Build.0 = Debug|Any CPU
		{D34A18F1-46A4-4972-9130-3B044F1B3151}.Release|Any CPU.ActiveCfg = Release|Any CPU
		{D34A18F1-46A4-4972-9130-3B044F1B3151}.Release|Any CPU.Build.0 = Release|Any CPU
		{7D2D2134-2BD6-4790-BE60-CFA6FD0E8DDA}.Debug|Any CPU.ActiveCfg = Debug|Any CPU
		{7D2D2134-2BD6-4790-BE60-CFA6FD0E8DDA}.Debug|Any CPU.Build.0 = Debug|Any CPU
		{7D2D2134-2BD6-4790-BE60-CFA6FD0E8DDA}.Release|Any CPU.ActiveCfg = Release|Any CPU
		{7D2D2134-2BD6-4790-BE60-CFA6FD0E8DDA}.Release|Any CPU.Build.0 = Release|Any CPU
		{A0CBBF25-8B7F-4F13-93A5-4A73E41CE79F}.Debug|Any CPU.ActiveCfg = Debug|Any CPU
		{A0CBBF25-8B7F-4F13-93A5-4A73E41CE79F}.Debug|Any CPU.Build.0 = Debug|Any CPU
		{A0CBBF25-8B7F-4F13-93A5-4A73E41CE79F}.Release|Any CPU.ActiveCfg = Release|Any CPU
		{A0CBBF25-8B7F-4F13-93A5-4A73E41CE79F}.Release|Any CPU.Build.0 = Release|Any CPU
		{57DEBB7A-975B-467C-AA53-C4A07EFD3810}.Debug|Any CPU.ActiveCfg = Debug|Any CPU
		{57DEBB7A-975B-467C-AA53-C4A07EFD3810}.Debug|Any CPU.Build.0 = Debug|Any CPU
		{57DEBB7A-975B-467C-AA53-C4A07EFD3810}.Release|Any CPU.ActiveCfg = Release|Any CPU
		{57DEBB7A-975B-467C-AA53-C4A07EFD3810}.Release|Any CPU.Build.0 = Release|Any CPU
		{4B3EDEC0-532B-40E1-934C-22ED749CB618}.Debug|Any CPU.ActiveCfg = Debug|Any CPU
		{4B3EDEC0-532B-40E1-934C-22ED749CB618}.Debug|Any CPU.Build.0 = Debug|Any CPU
		{4B3EDEC0-532B-40E1-934C-22ED749CB618}.Release|Any CPU.ActiveCfg = Release|Any CPU
		{4B3EDEC0-532B-40E1-934C-22ED749CB618}.Release|Any CPU.Build.0 = Release|Any CPU
		{B9D4B286-CCEC-42BC-973F-03764ADD45E9}.Debug|Any CPU.ActiveCfg = Debug|Any CPU
		{B9D4B286-CCEC-42BC-973F-03764ADD45E9}.Debug|Any CPU.Build.0 = Debug|Any CPU
		{B9D4B286-CCEC-42BC-973F-03764ADD45E9}.Release|Any CPU.ActiveCfg = Release|Any CPU
		{B9D4B286-CCEC-42BC-973F-03764ADD45E9}.Release|Any CPU.Build.0 = Release|Any CPU
		{491D85F3-1370-4D19-ACF0-3671FCFA3A13}.Debug|Any CPU.ActiveCfg = Debug|Any CPU
		{491D85F3-1370-4D19-ACF0-3671FCFA3A13}.Debug|Any CPU.Build.0 = Debug|Any CPU
		{491D85F3-1370-4D19-ACF0-3671FCFA3A13}.Release|Any CPU.ActiveCfg = Release|Any CPU
		{491D85F3-1370-4D19-ACF0-3671FCFA3A13}.Release|Any CPU.Build.0 = Release|Any CPU
		{75063C8B-3870-4816-AD93-A68D81C42DD8}.Debug|Any CPU.ActiveCfg = Debug|Any CPU
		{75063C8B-3870-4816-AD93-A68D81C42DD8}.Debug|Any CPU.Build.0 = Debug|Any CPU
		{75063C8B-3870-4816-AD93-A68D81C42DD8}.Release|Any CPU.ActiveCfg = Release|Any CPU
		{75063C8B-3870-4816-AD93-A68D81C42DD8}.Release|Any CPU.Build.0 = Release|Any CPU
		{31CEC14C-DE67-404A-81FE-D20BB738CAD4}.Debug|Any CPU.ActiveCfg = Debug|Any CPU
		{31CEC14C-DE67-404A-81FE-D20BB738CAD4}.Debug|Any CPU.Build.0 = Debug|Any CPU
		{31CEC14C-DE67-404A-81FE-D20BB738CAD4}.Release|Any CPU.ActiveCfg = Release|Any CPU
		{31CEC14C-DE67-404A-81FE-D20BB738CAD4}.Release|Any CPU.Build.0 = Release|Any CPU
		{25FE2F67-01F7-4605-AB54-5A6158F53FCD}.Debug|Any CPU.ActiveCfg = Debug|Any CPU
		{25FE2F67-01F7-4605-AB54-5A6158F53FCD}.Debug|Any CPU.Build.0 = Debug|Any CPU
		{25FE2F67-01F7-4605-AB54-5A6158F53FCD}.Release|Any CPU.ActiveCfg = Release|Any CPU
		{25FE2F67-01F7-4605-AB54-5A6158F53FCD}.Release|Any CPU.Build.0 = Release|Any CPU
		{5B934F1B-61B5-4A0C-8605-539CE5AA4D84}.Debug|Any CPU.ActiveCfg = Debug|Any CPU
		{5B934F1B-61B5-4A0C-8605-539CE5AA4D84}.Debug|Any CPU.Build.0 = Debug|Any CPU
		{5B934F1B-61B5-4A0C-8605-539CE5AA4D84}.Release|Any CPU.ActiveCfg = Release|Any CPU
		{5B934F1B-61B5-4A0C-8605-539CE5AA4D84}.Release|Any CPU.Build.0 = Release|Any CPU
		{13CF02F2-6446-4897-BE5E-9EC997EA2E0F}.Debug|Any CPU.ActiveCfg = Debug|Any CPU
		{13CF02F2-6446-4897-BE5E-9EC997EA2E0F}.Debug|Any CPU.Build.0 = Debug|Any CPU
		{13CF02F2-6446-4897-BE5E-9EC997EA2E0F}.Release|Any CPU.ActiveCfg = Release|Any CPU
		{13CF02F2-6446-4897-BE5E-9EC997EA2E0F}.Release|Any CPU.Build.0 = Release|Any CPU
		{B0E48225-A85A-4B3F-B66B-685948B9DF20}.Debug|Any CPU.ActiveCfg = Debug|Any CPU
		{B0E48225-A85A-4B3F-B66B-685948B9DF20}.Debug|Any CPU.Build.0 = Debug|Any CPU
		{B0E48225-A85A-4B3F-B66B-685948B9DF20}.Release|Any CPU.ActiveCfg = Release|Any CPU
		{B0E48225-A85A-4B3F-B66B-685948B9DF20}.Release|Any CPU.Build.0 = Release|Any CPU
		{F8CBE0CC-84CF-437D-8D16-166859D12F07}.Debug|Any CPU.ActiveCfg = Debug|Any CPU
		{F8CBE0CC-84CF-437D-8D16-166859D12F07}.Debug|Any CPU.Build.0 = Debug|Any CPU
		{F8CBE0CC-84CF-437D-8D16-166859D12F07}.Release|Any CPU.ActiveCfg = Release|Any CPU
		{F8CBE0CC-84CF-437D-8D16-166859D12F07}.Release|Any CPU.Build.0 = Release|Any CPU
		{52E9ECE1-8228-487E-8B41-4A665C303BC2}.Debug|Any CPU.ActiveCfg = Debug|Any CPU
		{52E9ECE1-8228-487E-8B41-4A665C303BC2}.Debug|Any CPU.Build.0 = Debug|Any CPU
		{52E9ECE1-8228-487E-8B41-4A665C303BC2}.Release|Any CPU.ActiveCfg = Release|Any CPU
		{52E9ECE1-8228-487E-8B41-4A665C303BC2}.Release|Any CPU.Build.0 = Release|Any CPU
		{5B23C9B0-0E86-4C53-9E5C-F405F4FD2B08}.Debug|Any CPU.ActiveCfg = Debug|Any CPU
		{5B23C9B0-0E86-4C53-9E5C-F405F4FD2B08}.Debug|Any CPU.Build.0 = Debug|Any CPU
		{5B23C9B0-0E86-4C53-9E5C-F405F4FD2B08}.Release|Any CPU.ActiveCfg = Release|Any CPU
		{5B23C9B0-0E86-4C53-9E5C-F405F4FD2B08}.Release|Any CPU.Build.0 = Release|Any CPU
	EndGlobalSection
	GlobalSection(SolutionProperties) = preSolution
		HideSolutionNode = FALSE
	EndGlobalSection
	GlobalSection(NestedProjects) = preSolution
		{7D2D2134-2BD6-4790-BE60-CFA6FD0E8DDA} = {CB79DC3E-3EDE-4DAC-A305-74DD7DA31AD2}
		{A0CBBF25-8B7F-4F13-93A5-4A73E41CE79F} = {CB79DC3E-3EDE-4DAC-A305-74DD7DA31AD2}
		{57DEBB7A-975B-467C-AA53-C4A07EFD3810} = {B94DCE0E-EB63-47F5-AB2B-47900741F6D7}
		{4B3EDEC0-532B-40E1-934C-22ED749CB618} = {B94DCE0E-EB63-47F5-AB2B-47900741F6D7}
		{B9D4B286-CCEC-42BC-973F-03764ADD45E9} = {B94DCE0E-EB63-47F5-AB2B-47900741F6D7}
		{491D85F3-1370-4D19-ACF0-3671FCFA3A13} = {9B0AD9E5-BCBB-4FF1-BC32-C5048C57776F}
		{75063C8B-3870-4816-AD93-A68D81C42DD8} = {9B0AD9E5-BCBB-4FF1-BC32-C5048C57776F}
		{31CEC14C-DE67-404A-81FE-D20BB738CAD4} = {9B0AD9E5-BCBB-4FF1-BC32-C5048C57776F}
		{25FE2F67-01F7-4605-AB54-5A6158F53FCD} = {7EB918A9-3407-46DC-A7D6-DA60773731CD}
		{5B934F1B-61B5-4A0C-8605-539CE5AA4D84} = {7EB918A9-3407-46DC-A7D6-DA60773731CD}
		{D19307D7-51BA-4450-8A0F-94DCF9205F6F} = {7EB918A9-3407-46DC-A7D6-DA60773731CD}
		{13CF02F2-6446-4897-BE5E-9EC997EA2E0F} = {D19307D7-51BA-4450-8A0F-94DCF9205F6F}
		{B0E48225-A85A-4B3F-B66B-685948B9DF20} = {D19307D7-51BA-4450-8A0F-94DCF9205F6F}
		{F8CBE0CC-84CF-437D-8D16-166859D12F07} = {D19307D7-51BA-4450-8A0F-94DCF9205F6F}
		{52E9ECE1-8228-487E-8B41-4A665C303BC2} = {D19307D7-51BA-4450-8A0F-94DCF9205F6F}
		{5B23C9B0-0E86-4C53-9E5C-F405F4FD2B08} = {D19307D7-51BA-4450-8A0F-94DCF9205F6F}
	EndGlobalSection
EndGlobal
