
Microsoft Visual Studio Solution File, Format Version 12.00
# Visual Studio Version 17
VisualStudioVersion = 17.0.31903.59
MinimumVisualStudioVersion = 10.0.40219.1
Project("{FAE04EC0-301F-11D3-BF4B-00C04F79EFBC}") = "Common", "Common\Common.csproj", "{D34A18F1-46A4-4972-9130-3B044F1B3151}"
EndProject
Project("{2150E333-8FDC-42A3-9474-1A3956D46DE8}") = "03_ExchangeTypes", "03_ExchangeTypes", "{D19FDB5D-0745-461B-A9A1-23A1CD4E39BB}"
EndProject
Project("{FAE04EC0-301F-11D3-BF4B-00C04F79EFBC}") = "Direct", "03_ExchangeTypes\Direct\Direct.csproj", "{5A586C5F-AF88-47B5-86BD-EF043C7B2AB6}"
EndProject
Project("{FAE04EC0-301F-11D3-BF4B-00C04F79EFBC}") = "Fanout", "03_ExchangeTypes\Fanout\Fanout.csproj", "{687BC13F-55F9-4891-973A-065102C2AF70}"
EndProject
Project("{FAE04EC0-301F-11D3-BF4B-00C04F79EFBC}") = "Topic", "03_ExchangeTypes\Topic\Topic.csproj", "{7DE29D3F-5134-4167-A117-245325F6E1DB}"
EndProject
Project("{2150E333-8FDC-42A3-9474-1A3956D46DE8}") = "01_IntroductionToMessaging", "01_IntroductionToMessaging", "{CB79DC3E-3EDE-4DAC-A305-74DD7DA31AD2}"
EndProject
Project("{FAE04EC0-301F-11D3-BF4B-00C04F79EFBC}") = "Producer", "01_IntroductionToMessaging\Producer\Producer.csproj", "{7D2D2134-2BD6-4790-BE60-CFA6FD0E8DDA}"
EndProject
Project("{FAE04EC0-301F-11D3-BF4B-00C04F79EFBC}") = "Consumer", "01_IntroductionToMessaging\Consumer\Consumer.csproj", "{A0CBBF25-8B7F-4F13-93A5-4A73E41CE79F}"
EndProject
Project("{2150E333-8FDC-42A3-9474-1A3956D46DE8}") = "02_ConnectionsAndChannels", "02_ConnectionsAndChannels", "{B94DCE0E-EB63-47F5-AB2B-47900741F6D7}"
EndProject
Project("{FAE04EC0-301F-11D3-BF4B-00C04F79EFBC}") = "AboutConnections", "02_ConnectionsAndChannels\AboutConnections\AboutConnections.csproj", "{57DEBB7A-975B-467C-AA53-C4A07EFD3810}"
EndProject
Project("{FAE04EC0-301F-11D3-BF4B-00C04F79EFBC}") = "EventHandlersOfConnections", "02_ConnectionsAndChannels\EventHandlersOfConnections\EventHandlersOfConnections.csproj", "{4B3EDEC0-532B-40E1-934C-22ED749CB618}"
EndProject
Project("{FAE04EC0-301F-11D3-BF4B-00C04F79EFBC}") = "ConnectionLeaks", "02_ConnectionsAndChannels\ConnectionLeaks\ConnectionLeaks.csproj", "{B9D4B286-CCEC-42BC-973F-03764ADD45E9}"
EndProject
Project("{2150E333-8FDC-42A3-9474-1A3956D46DE8}") = "02_Messages", "02_Messages", "{4E09F58B-C678-46B7-84C0-FE99FF201DE0}"
EndProject
Project("{FAE04EC0-301F-11D3-BF4B-00C04F79EFBC}") = "MessageLifeCycle", "02_Messages\MessageLifeCycle\MessageLifeCycle.csproj", "{C50F175D-B0B1-4FD8-BFED-52675B31197F}"
EndProject
Project("{FAE04EC0-301F-11D3-BF4B-00C04F79EFBC}") = "AckNack", "02_Messages\AckNack\AckNack.csproj", "{074DB252-68D4-4697-AA6C-F54E20BE45D9}"
EndProject
Project("{2150E333-8FDC-42A3-9474-1A3956D46DE8}") = "MessageProperties", "MessageProperties", "{40ED11F1-68CE-41DB-A4FB-F66969CE7AD9}"
EndProject
Project("{FAE04EC0-301F-11D3-BF4B-00C04F79EFBC}") = "ContentType", "02_Messages\MessageProperties\ContentType\ContentType.csproj", "{A8F2BFFD-52EC-442B-AE16-C40B6A11F9CD}"
EndProject
Project("{FAE04EC0-301F-11D3-BF4B-00C04F79EFBC}") = "MessageId", "02_Messages\MessageProperties\MessageId\MessageId.csproj", "{D29822D3-BA8C-44C1-B3F7-2F203F0435F8}"
EndProject
Global
	GlobalSection(SolutionConfigurationPlatforms) = preSolution
		Debug|Any CPU = Debug|Any CPU
		Release|Any CPU = Release|Any CPU
	EndGlobalSection
	GlobalSection(ProjectConfigurationPlatforms) = postSolution
		{D34A18F1-46A4-4972-9130-3B044F1B3151}.Debug|Any CPU.ActiveCfg = Debug|Any CPU
		{D34A18F1-46A4-4972-9130-3B044F1B3151}.Debug|Any CPU.Build.0 = Debug|Any CPU
		{D34A18F1-46A4-4972-9130-3B044F1B3151}.Release|Any CPU.ActiveCfg = Release|Any CPU
		{D34A18F1-46A4-4972-9130-3B044F1B3151}.Release|Any CPU.Build.0 = Release|Any CPU
		{5A586C5F-AF88-47B5-86BD-EF043C7B2AB6}.Debug|Any CPU.ActiveCfg = Debug|Any CPU
		{5A586C5F-AF88-47B5-86BD-EF043C7B2AB6}.Debug|Any CPU.Build.0 = Debug|Any CPU
		{5A586C5F-AF88-47B5-86BD-EF043C7B2AB6}.Release|Any CPU.ActiveCfg = Release|Any CPU
		{5A586C5F-AF88-47B5-86BD-EF043C7B2AB6}.Release|Any CPU.Build.0 = Release|Any CPU
		{687BC13F-55F9-4891-973A-065102C2AF70}.Debug|Any CPU.ActiveCfg = Debug|Any CPU
		{687BC13F-55F9-4891-973A-065102C2AF70}.Debug|Any CPU.Build.0 = Debug|Any CPU
		{687BC13F-55F9-4891-973A-065102C2AF70}.Release|Any CPU.ActiveCfg = Release|Any CPU
		{687BC13F-55F9-4891-973A-065102C2AF70}.Release|Any CPU.Build.0 = Release|Any CPU
		{7DE29D3F-5134-4167-A117-245325F6E1DB}.Debug|Any CPU.ActiveCfg = Debug|Any CPU
		{7DE29D3F-5134-4167-A117-245325F6E1DB}.Debug|Any CPU.Build.0 = Debug|Any CPU
		{7DE29D3F-5134-4167-A117-245325F6E1DB}.Release|Any CPU.ActiveCfg = Release|Any CPU
		{7DE29D3F-5134-4167-A117-245325F6E1DB}.Release|Any CPU.Build.0 = Release|Any CPU
		{7D2D2134-2BD6-4790-BE60-CFA6FD0E8DDA}.Debug|Any CPU.ActiveCfg = Debug|Any CPU
		{7D2D2134-2BD6-4790-BE60-CFA6FD0E8DDA}.Debug|Any CPU.Build.0 = Debug|Any CPU
		{7D2D2134-2BD6-4790-BE60-CFA6FD0E8DDA}.Release|Any CPU.ActiveCfg = Release|Any CPU
		{7D2D2134-2BD6-4790-BE60-CFA6FD0E8DDA}.Release|Any CPU.Build.0 = Release|Any CPU
		{A0CBBF25-8B7F-4F13-93A5-4A73E41CE79F}.Debug|Any CPU.ActiveCfg = Debug|Any CPU
		{A0CBBF25-8B7F-4F13-93A5-4A73E41CE79F}.Debug|Any CPU.Build.0 = Debug|Any CPU
		{A0CBBF25-8B7F-4F13-93A5-4A73E41CE79F}.Release|Any CPU.ActiveCfg = Release|Any CPU
		{A0CBBF25-8B7F-4F13-93A5-4A73E41CE79F}.Release|Any CPU.Build.0 = Release|Any CPU
		{57DEBB7A-975B-467C-AA53-C4A07EFD3810}.Debug|Any CPU.ActiveCfg = Debug|Any CPU
		{57DEBB7A-975B-467C-AA53-C4A07EFD3810}.Debug|Any CPU.Build.0 = Debug|Any CPU
		{57DEBB7A-975B-467C-AA53-C4A07EFD3810}.Release|Any CPU.ActiveCfg = Release|Any CPU
		{57DEBB7A-975B-467C-AA53-C4A07EFD3810}.Release|Any CPU.Build.0 = Release|Any CPU
		{4B3EDEC0-532B-40E1-934C-22ED749CB618}.Debug|Any CPU.ActiveCfg = Debug|Any CPU
		{4B3EDEC0-532B-40E1-934C-22ED749CB618}.Debug|Any CPU.Build.0 = Debug|Any CPU
		{4B3EDEC0-532B-40E1-934C-22ED749CB618}.Release|Any CPU.ActiveCfg = Release|Any CPU
		{4B3EDEC0-532B-40E1-934C-22ED749CB618}.Release|Any CPU.Build.0 = Release|Any CPU
		{B9D4B286-CCEC-42BC-973F-03764ADD45E9}.Debug|Any CPU.ActiveCfg = Debug|Any CPU
		{B9D4B286-CCEC-42BC-973F-03764ADD45E9}.Debug|Any CPU.Build.0 = Debug|Any CPU
		{B9D4B286-CCEC-42BC-973F-03764ADD45E9}.Release|Any CPU.ActiveCfg = Release|Any CPU
		{B9D4B286-CCEC-42BC-973F-03764ADD45E9}.Release|Any CPU.Build.0 = Release|Any CPU
		{C50F175D-B0B1-4FD8-BFED-52675B31197F}.Debug|Any CPU.ActiveCfg = Debug|Any CPU
		{C50F175D-B0B1-4FD8-BFED-52675B31197F}.Debug|Any CPU.Build.0 = Debug|Any CPU
		{C50F175D-B0B1-4FD8-BFED-52675B31197F}.Release|Any CPU.ActiveCfg = Release|Any CPU
		{C50F175D-B0B1-4FD8-BFED-52675B31197F}.Release|Any CPU.Build.0 = Release|Any CPU
		{074DB252-68D4-4697-AA6C-F54E20BE45D9}.Debug|Any CPU.ActiveCfg = Debug|Any CPU
		{074DB252-68D4-4697-AA6C-F54E20BE45D9}.Debug|Any CPU.Build.0 = Debug|Any CPU
		{074DB252-68D4-4697-AA6C-F54E20BE45D9}.Release|Any CPU.ActiveCfg = Release|Any CPU
		{074DB252-68D4-4697-AA6C-F54E20BE45D9}.Release|Any CPU.Build.0 = Release|Any CPU
		{A8F2BFFD-52EC-442B-AE16-C40B6A11F9CD}.Debug|Any CPU.ActiveCfg = Debug|Any CPU
		{A8F2BFFD-52EC-442B-AE16-C40B6A11F9CD}.Debug|Any CPU.Build.0 = Debug|Any CPU
		{A8F2BFFD-52EC-442B-AE16-C40B6A11F9CD}.Release|Any CPU.ActiveCfg = Release|Any CPU
		{A8F2BFFD-52EC-442B-AE16-C40B6A11F9CD}.Release|Any CPU.Build.0 = Release|Any CPU
		{D29822D3-BA8C-44C1-B3F7-2F203F0435F8}.Debug|Any CPU.ActiveCfg = Debug|Any CPU
		{D29822D3-BA8C-44C1-B3F7-2F203F0435F8}.Debug|Any CPU.Build.0 = Debug|Any CPU
		{D29822D3-BA8C-44C1-B3F7-2F203F0435F8}.Release|Any CPU.ActiveCfg = Release|Any CPU
		{D29822D3-BA8C-44C1-B3F7-2F203F0435F8}.Release|Any CPU.Build.0 = Release|Any CPU
	EndGlobalSection
	GlobalSection(SolutionProperties) = preSolution
		HideSolutionNode = FALSE
	EndGlobalSection
	GlobalSection(NestedProjects) = preSolution
		{5A586C5F-AF88-47B5-86BD-EF043C7B2AB6} = {D19FDB5D-0745-461B-A9A1-23A1CD4E39BB}
		{687BC13F-55F9-4891-973A-065102C2AF70} = {D19FDB5D-0745-461B-A9A1-23A1CD4E39BB}
		{7DE29D3F-5134-4167-A117-245325F6E1DB} = {D19FDB5D-0745-461B-A9A1-23A1CD4E39BB}
		{7D2D2134-2BD6-4790-BE60-CFA6FD0E8DDA} = {CB79DC3E-3EDE-4DAC-A305-74DD7DA31AD2}
		{A0CBBF25-8B7F-4F13-93A5-4A73E41CE79F} = {CB79DC3E-3EDE-4DAC-A305-74DD7DA31AD2}
		{57DEBB7A-975B-467C-AA53-C4A07EFD3810} = {B94DCE0E-EB63-47F5-AB2B-47900741F6D7}
		{4B3EDEC0-532B-40E1-934C-22ED749CB618} = {B94DCE0E-EB63-47F5-AB2B-47900741F6D7}
		{B9D4B286-CCEC-42BC-973F-03764ADD45E9} = {B94DCE0E-EB63-47F5-AB2B-47900741F6D7}
		{C50F175D-B0B1-4FD8-BFED-52675B31197F} = {4E09F58B-C678-46B7-84C0-FE99FF201DE0}
		{074DB252-68D4-4697-AA6C-F54E20BE45D9} = {4E09F58B-C678-46B7-84C0-FE99FF201DE0}
		{40ED11F1-68CE-41DB-A4FB-F66969CE7AD9} = {4E09F58B-C678-46B7-84C0-FE99FF201DE0}
		{A8F2BFFD-52EC-442B-AE16-C40B6A11F9CD} = {40ED11F1-68CE-41DB-A4FB-F66969CE7AD9}
		{D29822D3-BA8C-44C1-B3F7-2F203F0435F8} = {40ED11F1-68CE-41DB-A4FB-F66969CE7AD9}
	EndGlobalSection
EndGlobal
